// !$*UTF8*$!
{
	archiveVersion = 1;
	classes = {
	};
	objectVersion = 48;
	objects = {

/* Begin PBXBuildFile section */
		8229C4D920A193E4002A25E0 /* AppDelegate.m in Sources */ = {isa = PBXBuildFile; fileRef = 8229C4D820A193E4002A25E0 /* AppDelegate.m */; };
		8229C4DC20A193E4002A25E0 /* ViewController.m in Sources */ = {isa = PBXBuildFile; fileRef = 8229C4DB20A193E4002A25E0 /* ViewController.m */; };
		8229C4DF20A193E4002A25E0 /* Main.storyboard in Resources */ = {isa = PBXBuildFile; fileRef = 8229C4DD20A193E4002A25E0 /* Main.storyboard */; };
		8229C4E120A193E4002A25E0 /* Assets.xcassets in Resources */ = {isa = PBXBuildFile; fileRef = 8229C4E020A193E4002A25E0 /* Assets.xcassets */; };
		8229C4E720A193E4002A25E0 /* main.m in Sources */ = {isa = PBXBuildFile; fileRef = 8229C4E620A193E4002A25E0 /* main.m */; };
		8229C4EF20A19654002A25E0 /* SafariServices.framework in Frameworks */ = {isa = PBXBuildFile; fileRef = 8229C4EE20A19654002A25E0 /* SafariServices.framework */; };
		825DB0C620A19FA700D88671 /* rosa1024x1024.jpg in Resources */ = {isa = PBXBuildFile; fileRef = 825DB0C520A19FA700D88671 /* rosa1024x1024.jpg */; };
		825DB0D320A1AC8A00D88671 /* rosa167.jpg in Resources */ = {isa = PBXBuildFile; fileRef = 825DB0C720A1AC8800D88671 /* rosa167.jpg */; };
		825DB0D420A1AC8A00D88671 /* rosa29.jpg in Resources */ = {isa = PBXBuildFile; fileRef = 825DB0C820A1AC8800D88671 /* rosa29.jpg */; };
		825DB0D520A1AC8A00D88671 /* rosa180.jpg in Resources */ = {isa = PBXBuildFile; fileRef = 825DB0C920A1AC8900D88671 /* rosa180.jpg */; };
		825DB0D620A1AC8A00D88671 /* rosa58.jpg in Resources */ = {isa = PBXBuildFile; fileRef = 825DB0CA20A1AC8900D88671 /* rosa58.jpg */; };
		825DB0D720A1AC8A00D88671 /* rosa152.jpg in Resources */ = {isa = PBXBuildFile; fileRef = 825DB0CB20A1AC8900D88671 /* rosa152.jpg */; };
		825DB0D820A1AC8A00D88671 /* rosa120.jpg in Resources */ = {isa = PBXBuildFile; fileRef = 825DB0CC20A1AC8900D88671 /* rosa120.jpg */; };
		825DB0D920A1AC8A00D88671 /* rosa40.jpg in Resources */ = {isa = PBXBuildFile; fileRef = 825DB0CD20A1AC8900D88671 /* rosa40.jpg */; };
		825DB0DA20A1AC8A00D88671 /* rosa20.jpg in Resources */ = {isa = PBXBuildFile; fileRef = 825DB0CE20A1AC8900D88671 /* rosa20.jpg */; };
		825DB0DB20A1AC8A00D88671 /* rosa60.jpg in Resources */ = {isa = PBXBuildFile; fileRef = 825DB0CF20A1AC8A00D88671 /* rosa60.jpg */; };
		825DB0DC20A1AC8A00D88671 /* rosa76.jpg in Resources */ = {isa = PBXBuildFile; fileRef = 825DB0D020A1AC8A00D88671 /* rosa76.jpg */; };
		825DB0DD20A1AC8A00D88671 /* rosa87.jpg in Resources */ = {isa = PBXBuildFile; fileRef = 825DB0D120A1AC8A00D88671 /* rosa87.jpg */; };
		825DB0DE20A1AC8A00D88671 /* rosa80.jpg in Resources */ = {isa = PBXBuildFile; fileRef = 825DB0D220A1AC8A00D88671 /* rosa80.jpg */; };
/* End PBXBuildFile section */

/* Begin PBXFileReference section */
		8229C4D420A193E4002A25E0 /* Puerto Norte.app */ = {isa = PBXFileReference; explicitFileType = wrapper.application; includeInIndex = 0; path = "Puerto Norte.app"; sourceTree = BUILT_PRODUCTS_DIR; };
		8229C4D720A193E4002A25E0 /* AppDelegate.h */ = {isa = PBXFileReference; lastKnownFileType = sourcecode.c.h; path = AppDelegate.h; sourceTree = "<group>"; };
		8229C4D820A193E4002A25E0 /* AppDelegate.m */ = {isa = PBXFileReference; lastKnownFileType = sourcecode.c.objc; path = AppDelegate.m; sourceTree = "<group>"; };
		8229C4DA20A193E4002A25E0 /* ViewController.h */ = {isa = PBXFileReference; lastKnownFileType = sourcecode.c.h; path = ViewController.h; sourceTree = "<group>"; };
		8229C4DB20A193E4002A25E0 /* ViewController.m */ = {isa = PBXFileReference; lastKnownFileType = sourcecode.c.objc; path = ViewController.m; sourceTree = "<group>"; };
		8229C4DE20A193E4002A25E0 /* Base */ = {isa = PBXFileReference; lastKnownFileType = file.storyboard; name = Base; path = Base.lproj/Main.storyboard; sourceTree = "<group>"; };
		8229C4E020A193E4002A25E0 /* Assets.xcassets */ = {isa = PBXFileReference; lastKnownFileType = folder.assetcatalog; path = Assets.xcassets; sourceTree = "<group>"; };
		8229C4E520A193E4002A25E0 /* Info.plist */ = {isa = PBXFileReference; lastKnownFileType = text.plist.xml; path = Info.plist; sourceTree = "<group>"; };
		8229C4E620A193E4002A25E0 /* main.m */ = {isa = PBXFileReference; lastKnownFileType = sourcecode.c.objc; path = main.m; sourceTree = "<group>"; };
		8229C4EE20A19654002A25E0 /* SafariServices.framework */ = {isa = PBXFileReference; lastKnownFileType = wrapper.framework; name = SafariServices.framework; path = System/Library/Frameworks/SafariServices.framework; sourceTree = SDKROOT; };
		825DB0C520A19FA700D88671 /* rosa1024x1024.jpg */ = {isa = PBXFileReference; lastKnownFileType = image.jpeg; path = rosa1024x1024.jpg; sourceTree = "<group>"; };
		825DB0C720A1AC8800D88671 /* rosa167.jpg */ = {isa = PBXFileReference; lastKnownFileType = image.jpeg; path = rosa167.jpg; sourceTree = "<group>"; };
		825DB0C820A1AC8800D88671 /* rosa29.jpg */ = {isa = PBXFileReference; lastKnownFileType = image.jpeg; path = rosa29.jpg; sourceTree = "<group>"; };
		825DB0C920A1AC8900D88671 /* rosa180.jpg */ = {isa = PBXFileReference; lastKnownFileType = image.jpeg; path = rosa180.jpg; sourceTree = "<group>"; };
		825DB0CA20A1AC8900D88671 /* rosa58.jpg */ = {isa = PBXFileReference; lastKnownFileType = image.jpeg; path = rosa58.jpg; sourceTree = "<group>"; };
		825DB0CB20A1AC8900D88671 /* rosa152.jpg */ = {isa = PBXFileReference; lastKnownFileType = image.jpeg; path = rosa152.jpg; sourceTree = "<group>"; };
		825DB0CC20A1AC8900D88671 /* rosa120.jpg */ = {isa = PBXFileReference; lastKnownFileType = image.jpeg; path = rosa120.jpg; sourceTree = "<group>"; };
		825DB0CD20A1AC8900D88671 /* rosa40.jpg */ = {isa = PBXFileReference; lastKnownFileType = image.jpeg; path = rosa40.jpg; sourceTree = "<group>"; };
		825DB0CE20A1AC8900D88671 /* rosa20.jpg */ = {isa = PBXFileReference; lastKnownFileType = image.jpeg; path = rosa20.jpg; sourceTree = "<group>"; };
		825DB0CF20A1AC8A00D88671 /* rosa60.jpg */ = {isa = PBXFileReference; lastKnownFileType = image.jpeg; path = rosa60.jpg; sourceTree = "<group>"; };
		825DB0D020A1AC8A00D88671 /* rosa76.jpg */ = {isa = PBXFileReference; lastKnownFileType = image.jpeg; path = rosa76.jpg; sourceTree = "<group>"; };
		825DB0D120A1AC8A00D88671 /* rosa87.jpg */ = {isa = PBXFileReference; lastKnownFileType = image.jpeg; path = rosa87.jpg; sourceTree = "<group>"; };
		825DB0D220A1AC8A00D88671 /* rosa80.jpg */ = {isa = PBXFileReference; lastKnownFileType = image.jpeg; path = rosa80.jpg; sourceTree = "<group>"; };
/* End PBXFileReference section */

/* Begin PBXFrameworksBuildPhase section */
		8229C4D120A193E4002A25E0 /* Frameworks */ = {
			isa = PBXFrameworksBuildPhase;
			buildActionMask = 2147483647;
			files = (
				8229C4EF20A19654002A25E0 /* SafariServices.framework in Frameworks */,
			);
			runOnlyForDeploymentPostprocessing = 0;
		};
/* End PBXFrameworksBuildPhase section */

/* Begin PBXGroup section */
		8229C4CB20A193E4002A25E0 = {
			isa = PBXGroup;
			children = (
				8229C4D620A193E4002A25E0 /* Puerto Norte */,
				8229C4D520A193E4002A25E0 /* Products */,
				8229C4ED20A19654002A25E0 /* Frameworks */,
			);
			sourceTree = "<group>";
		};
		8229C4D520A193E4002A25E0 /* Products */ = {
			isa = PBXGroup;
			children = (
				8229C4D420A193E4002A25E0 /* Puerto Norte.app */,
			);
			name = Products;
			sourceTree = "<group>";
		};
		8229C4D620A193E4002A25E0 /* Puerto Norte */ = {
			isa = PBXGroup;
			children = (
				825DB0C320A19FA700D88671 /* Resources */,
				8229C4D720A193E4002A25E0 /* AppDelegate.h */,
				8229C4D820A193E4002A25E0 /* AppDelegate.m */,
				8229C4DA20A193E4002A25E0 /* ViewController.h */,
				8229C4DB20A193E4002A25E0 /* ViewController.m */,
				8229C4DD20A193E4002A25E0 /* Main.storyboard */,
				8229C4E020A193E4002A25E0 /* Assets.xcassets */,
				8229C4E520A193E4002A25E0 /* Info.plist */,
				8229C4E620A193E4002A25E0 /* main.m */,
			);
			path = "Puerto Norte";
			sourceTree = "<group>";
		};
		8229C4ED20A19654002A25E0 /* Frameworks */ = {
			isa = PBXGroup;
			children = (
				8229C4EE20A19654002A25E0 /* SafariServices.framework */,
			);
			name = Frameworks;
			sourceTree = "<group>";
		};
		825DB0C320A19FA700D88671 /* Resources */ = {
			isa = PBXGroup;
			children = (
				825DB0C420A19FA700D88671 /* AppIcon */,
			);
			path = Resources;
			sourceTree = "<group>";
		};
		825DB0C420A19FA700D88671 /* AppIcon */ = {
			isa = PBXGroup;
			children = (
				825DB0CE20A1AC8900D88671 /* rosa20.jpg */,
				825DB0C820A1AC8800D88671 /* rosa29.jpg */,
				825DB0CD20A1AC8900D88671 /* rosa40.jpg */,
				825DB0CA20A1AC8900D88671 /* rosa58.jpg */,
				825DB0CF20A1AC8A00D88671 /* rosa60.jpg */,
				825DB0D020A1AC8A00D88671 /* rosa76.jpg */,
				825DB0D220A1AC8A00D88671 /* rosa80.jpg */,
				825DB0D120A1AC8A00D88671 /* rosa87.jpg */,
				825DB0CC20A1AC8900D88671 /* rosa120.jpg */,
				825DB0CB20A1AC8900D88671 /* rosa152.jpg */,
				825DB0C720A1AC8800D88671 /* rosa167.jpg */,
				825DB0C920A1AC8900D88671 /* rosa180.jpg */,
				825DB0C520A19FA700D88671 /* rosa1024x1024.jpg */,
			);
			path = AppIcon;
			sourceTree = "<group>";
		};
/* End PBXGroup section */

/* Begin PBXNativeTarget section */
		8229C4D320A193E4002A25E0 /* Puerto Norte */ = {
			isa = PBXNativeTarget;
			buildConfigurationList = 8229C4EA20A193E4002A25E0 /* Build configuration list for PBXNativeTarget "Puerto Norte" */;
			buildPhases = (
				8229C4D020A193E4002A25E0 /* Sources */,
				8229C4D120A193E4002A25E0 /* Frameworks */,
				8229C4D220A193E4002A25E0 /* Resources */,
			);
			buildRules = (
			);
			dependencies = (
			);
			name = "Puerto Norte";
			productName = "Puerto Norte";
			productReference = 8229C4D420A193E4002A25E0 /* Puerto Norte.app */;
			productType = "com.apple.product-type.application";
		};
/* End PBXNativeTarget section */

/* Begin PBXProject section */
		8229C4CC20A193E4002A25E0 /* Project object */ = {
			isa = PBXProject;
			attributes = {
				LastUpgradeCheck = 0920;
				ORGANIZATIONNAME = Copanonga;
				TargetAttributes = {
					8229C4D320A193E4002A25E0 = {
						CreatedOnToolsVersion = 9.2;
						ProvisioningStyle = Automatic;
					};
				};
			};
			buildConfigurationList = 8229C4CF20A193E4002A25E0 /* Build configuration list for PBXProject "Puerto Norte" */;
			compatibilityVersion = "Xcode 8.0";
			developmentRegion = en;
			hasScannedForEncodings = 0;
			knownRegions = (
				en,
				Base,
			);
			mainGroup = 8229C4CB20A193E4002A25E0;
			productRefGroup = 8229C4D520A193E4002A25E0 /* Products */;
			projectDirPath = "";
			projectRoot = "";
			targets = (
				8229C4D320A193E4002A25E0 /* Puerto Norte */,
			);
		};
/* End PBXProject section */

/* Begin PBXResourcesBuildPhase section */
		8229C4D220A193E4002A25E0 /* Resources */ = {
			isa = PBXResourcesBuildPhase;
			buildActionMask = 2147483647;
			files = (
				825DB0DE20A1AC8A00D88671 /* rosa80.jpg in Resources */,
				825DB0D920A1AC8A00D88671 /* rosa40.jpg in Resources */,
				825DB0D420A1AC8A00D88671 /* rosa29.jpg in Resources */,
				8229C4E120A193E4002A25E0 /* Assets.xcassets in Resources */,
				825DB0DA20A1AC8A00D88671 /* rosa20.jpg in Resources */,
				825DB0DB20A1AC8A00D88671 /* rosa60.jpg in Resources */,
				825DB0D320A1AC8A00D88671 /* rosa167.jpg in Resources */,
				825DB0DC20A1AC8A00D88671 /* rosa76.jpg in Resources */,
				8229C4DF20A193E4002A25E0 /* Main.storyboard in Resources */,
				825DB0D820A1AC8A00D88671 /* rosa120.jpg in Resources */,
				825DB0D620A1AC8A00D88671 /* rosa58.jpg in Resources */,
				825DB0D520A1AC8A00D88671 /* rosa180.jpg in Resources */,
				825DB0DD20A1AC8A00D88671 /* rosa87.jpg in Resources */,
				825DB0C620A19FA700D88671 /* rosa1024x1024.jpg in Resources */,
				825DB0D720A1AC8A00D88671 /* rosa152.jpg in Resources */,
			);
			runOnlyForDeploymentPostprocessing = 0;
		};
/* End PBXResourcesBuildPhase section */

/* Begin PBXSourcesBuildPhase section */
		8229C4D020A193E4002A25E0 /* Sources */ = {
			isa = PBXSourcesBuildPhase;
			buildActionMask = 2147483647;
			files = (
				8229C4DC20A193E4002A25E0 /* ViewController.m in Sources */,
				8229C4E720A193E4002A25E0 /* main.m in Sources */,
				8229C4D920A193E4002A25E0 /* AppDelegate.m in Sources */,
			);
			runOnlyForDeploymentPostprocessing = 0;
		};
/* End PBXSourcesBuildPhase section */

/* Begin PBXVariantGroup section */
		8229C4DD20A193E4002A25E0 /* Main.storyboard */ = {
			isa = PBXVariantGroup;
			children = (
				8229C4DE20A193E4002A25E0 /* Base */,
			);
			name = Main.storyboard;
			sourceTree = "<group>";
		};
/* End PBXVariantGroup section */

/* Begin XCBuildConfiguration section */
		8229C4E820A193E4002A25E0 /* Debug */ = {
			isa = XCBuildConfiguration;
			buildSettings = {
				ALWAYS_SEARCH_USER_PATHS = NO;
				CLANG_ANALYZER_NONNULL = YES;
				CLANG_ANALYZER_NUMBER_OBJECT_CONVERSION = YES_AGGRESSIVE;
				CLANG_CXX_LANGUAGE_STANDARD = "gnu++14";
				CLANG_CXX_LIBRARY = "libc++";
				CLANG_ENABLE_MODULES = YES;
				CLANG_ENABLE_OBJC_ARC = YES;
				CLANG_WARN_BLOCK_CAPTURE_AUTORELEASING = YES;
				CLANG_WARN_BOOL_CONVERSION = YES;
				CLANG_WARN_COMMA = YES;
				CLANG_WARN_CONSTANT_CONVERSION = YES;
				CLANG_WARN_DIRECT_OBJC_ISA_USAGE = YES_ERROR;
				CLANG_WARN_DOCUMENTATION_COMMENTS = YES;
				CLANG_WARN_EMPTY_BODY = YES;
				CLANG_WARN_ENUM_CONVERSION = YES;
				CLANG_WARN_INFINITE_RECURSION = YES;
				CLANG_WARN_INT_CONVERSION = YES;
				CLANG_WARN_NON_LITERAL_NULL_CONVERSION = YES;
				CLANG_WARN_OBJC_LITERAL_CONVERSION = YES;
				CLANG_WARN_OBJC_ROOT_CLASS = YES_ERROR;
				CLANG_WARN_RANGE_LOOP_ANALYSIS = YES;
				CLANG_WARN_STRICT_PROTOTYPES = YES;
				CLANG_WARN_SUSPICIOUS_MOVE = YES;
				CLANG_WARN_UNGUARDED_AVAILABILITY = YES_AGGRESSIVE;
				CLANG_WARN_UNREACHABLE_CODE = YES;
				CLANG_WARN__DUPLICATE_METHOD_MATCH = YES;
				CODE_SIGN_IDENTITY = "iPhone Developer";
				COPY_PHASE_STRIP = NO;
				DEBUG_INFORMATION_FORMAT = dwarf;
				ENABLE_STRICT_OBJC_MSGSEND = YES;
				ENABLE_TESTABILITY = YES;
				GCC_C_LANGUAGE_STANDARD = gnu11;
				GCC_DYNAMIC_NO_PIC = NO;
				GCC_NO_COMMON_BLOCKS = YES;
				GCC_OPTIMIZATION_LEVEL = 0;
				GCC_PREPROCESSOR_DEFINITIONS = (
					"DEBUG=1",
					"$(inherited)",
				);
				GCC_WARN_64_TO_32_BIT_CONVERSION = YES;
				GCC_WARN_ABOUT_RETURN_TYPE = YES_ERROR;
				GCC_WARN_UNDECLARED_SELECTOR = YES;
				GCC_WARN_UNINITIALIZED_AUTOS = YES_AGGRESSIVE;
				GCC_WARN_UNUSED_FUNCTION = YES;
				GCC_WARN_UNUSED_VARIABLE = YES;
				IPHONEOS_DEPLOYMENT_TARGET = 11.0;
				MTL_ENABLE_DEBUG_INFO = YES;
				ONLY_ACTIVE_ARCH = YES;
				SDKROOT = iphoneos;
			};
			name = Debug;
		};
		8229C4E920A193E4002A25E0 /* Release */ = {
			isa = XCBuildConfiguration;
			buildSettings = {
				ALWAYS_SEARCH_USER_PATHS = NO;
				CLANG_ANALYZER_NONNULL = YES;
				CLANG_ANALYZER_NUMBER_OBJECT_CONVERSION = YES_AGGRESSIVE;
				CLANG_CXX_LANGUAGE_STANDARD = "gnu++14";
				CLANG_CXX_LIBRARY = "libc++";
				CLANG_ENABLE_MODULES = YES;
				CLANG_ENABLE_OBJC_ARC = YES;
				CLANG_WARN_BLOCK_CAPTURE_AUTORELEASING = YES;
				CLANG_WARN_BOOL_CONVERSION = YES;
				CLANG_WARN_COMMA = YES;
				CLANG_WARN_CONSTANT_CONVERSION = YES;
				CLANG_WARN_DIRECT_OBJC_ISA_USAGE = YES_ERROR;
				CLANG_WARN_DOCUMENTATION_COMMENTS = YES;
				CLANG_WARN_EMPTY_BODY = YES;
				CLANG_WARN_ENUM_CONVERSION = YES;
				CLANG_WARN_INFINITE_RECURSION = YES;
				CLANG_WARN_INT_CONVERSION = YES;
				CLANG_WARN_NON_LITERAL_NULL_CONVERSION = YES;
				CLANG_WARN_OBJC_LITERAL_CONVERSION = YES;
				CLANG_WARN_OBJC_ROOT_CLASS = YES_ERROR;
				CLANG_WARN_RANGE_LOOP_ANALYSIS = YES;
				CLANG_WARN_STRICT_PROTOTYPES = YES;
				CLANG_WARN_SUSPICIOUS_MOVE = YES;
				CLANG_WARN_UNGUARDED_AVAILABILITY = YES_AGGRESSIVE;
				CLANG_WARN_UNREACHABLE_CODE = YES;
				CLANG_WARN__DUPLICATE_METHOD_MATCH = YES;
				CODE_SIGN_IDENTITY = "iPhone Developer";
				COPY_PHASE_STRIP = NO;
				DEBUG_INFORMATION_FORMAT = "dwarf-with-dsym";
				ENABLE_NS_ASSERTIONS = NO;
				ENABLE_STRICT_OBJC_MSGSEND = YES;
				GCC_C_LANGUAGE_STANDARD = gnu11;
				GCC_NO_COMMON_BLOCKS = YES;
				GCC_WARN_64_TO_32_BIT_CONVERSION = YES;
				GCC_WARN_ABOUT_RETURN_TYPE = YES_ERROR;
				GCC_WARN_UNDECLARED_SELECTOR = YES;
				GCC_WARN_UNINITIALIZED_AUTOS = YES_AGGRESSIVE;
				GCC_WARN_UNUSED_FUNCTION = YES;
				GCC_WARN_UNUSED_VARIABLE = YES;
				IPHONEOS_DEPLOYMENT_TARGET = 11.0;
				MTL_ENABLE_DEBUG_INFO = NO;
				SDKROOT = iphoneos;
				VALIDATE_PRODUCT = YES;
			};
			name = Release;
		};
		8229C4EB20A193E4002A25E0 /* Debug */ = {
			isa = XCBuildConfiguration;
			buildSettings = {
				ASSETCATALOG_COMPILER_APPICON_NAME = AppIcon;
				CODE_SIGN_IDENTITY = "iPhone Developer";
				CODE_SIGN_STYLE = Automatic;
				DEVELOPMENT_TEAM = YDEAZDPJXZ;
				INFOPLIST_FILE = "Puerto Norte/Info.plist";
				LD_RUNPATH_SEARCH_PATHS = "$(inherited) @executable_path/Frameworks";
				PRODUCT_BUNDLE_IDENTIFIER = com.copanonga.puertonorteclub;
				PRODUCT_NAME = "$(TARGET_NAME)";
				TARGETED_DEVICE_FAMILY = 1;
			};
			name = Debug;
		};
		8229C4EC20A193E4002A25E0 /* Release */ = {
			isa = XCBuildConfiguration;
			buildSettings = {
				ASSETCATALOG_COMPILER_APPICON_NAME = AppIcon;
				CODE_SIGN_IDENTITY = "iPhone Developer";
				CODE_SIGN_STYLE = Automatic;
				DEVELOPMENT_TEAM = YDEAZDPJXZ;
				INFOPLIST_FILE = "Puerto Norte/Info.plist";
				LD_RUNPATH_SEARCH_PATHS = "$(inherited) @executable_path/Frameworks";
				PRODUCT_BUNDLE_IDENTIFIER = com.copanonga.puertonorteclub;
				PRODUCT_NAME = "$(TARGET_NAME)";
				TARGETED_DEVICE_FAMILY = 1;
			};
			name = Release;
		};
/* End XCBuildConfiguration section */

/* Begin XCConfigurationList section */
		8229C4CF20A193E4002A25E0 /* Build configuration list for PBXProject "Puerto Norte" */ = {
			isa = XCConfigurationList;
			buildConfigurations = (
				8229C4E820A193E4002A25E0 /* Debug */,
				8229C4E920A193E4002A25E0 /* Release */,
			);
			defaultConfigurationIsVisible = 0;
			defaultConfigurationName = Release;
		};
		8229C4EA20A193E4002A25E0 /* Build configuration list for PBXNativeTarget "Puerto Norte" */ = {
			isa = XCConfigurationList;
			buildConfigurations = (
				8229C4EB20A193E4002A25E0 /* Debug */,
				8229C4EC20A193E4002A25E0 /* Release */,
			);
			defaultConfigurationIsVisible = 0;
			defaultConfigurationName = Release;
		};
/* End XCConfigurationList section */
	};
	rootObject = 8229C4CC20A193E4002A25E0 /* Project object */;
}
